
Microsoft Visual Studio Solution File, Format Version 12.00
# Visual Studio 15
VisualStudioVersion = 15.0.27004.2002
MinimumVisualStudioVersion = 10.0.40219.1
Project("{FAE04EC0-301F-11D3-BF4B-00C04F79EFBC}") = "LintMyCss3", "LintMyCss3\LintMyCss3.csproj", "{482E20D2-F822-4138-A416-BB8B01A5AE89}"
EndProject
Project("{FAE04EC0-301F-11D3-BF4B-00C04F79EFBC}") = "LintMyCss3.Tests", "LintMyCss3.Tests\LintMyCss3.Tests.csproj", "{1A922D7B-E47F-4227-B4E2-1C9C2FD36110}"
EndProject
Global
	GlobalSection(SolutionConfigurationPlatforms) = preSolution
		Debug|Any CPU = Debug|Any CPU
		Release|Any CPU = Release|Any CPU
	EndGlobalSection
	GlobalSection(ProjectConfigurationPlatforms) = postSolution
		{482E20D2-F822-4138-A416-BB8B01A5AE89}.Debug|Any CPU.ActiveCfg = Debug|Any CPU
		{482E20D2-F822-4138-A416-BB8B01A5AE89}.Debug|Any CPU.Build.0 = Debug|Any CPU
		{482E20D2-F822-4138-A416-BB8B01A5AE89}.Release|Any CPU.ActiveCfg = Release|Any CPU
		{482E20D2-F822-4138-A416-BB8B01A5AE89}.Release|Any CPU.Build.0 = Release|Any CPU
		{1A922D7B-E47F-4227-B4E2-1C9C2FD36110}.Debug|Any CPU.ActiveCfg = Debug|Any CPU
		{1A922D7B-E47F-4227-B4E2-1C9C2FD36110}.Debug|Any CPU.Build.0 = Debug|Any CPU
		{1A922D7B-E47F-4227-B4E2-1C9C2FD36110}.Release|Any CPU.ActiveCfg = Release|Any CPU
		{1A922D7B-E47F-4227-B4E2-1C9C2FD36110}.Release|Any CPU.Build.0 = Release|Any CPU
	EndGlobalSection
	GlobalSection(SolutionProperties) = preSolution
		HideSolutionNode = FALSE
	EndGlobalSection
	GlobalSection(ExtensibilityGlobals) = postSolution
		SolutionGuid = {0F9E2822-DB07-4E2F-8DD1-E068F559E325}
	EndGlobalSection
EndGlobal
